
Microsoft Visual Studio Solution File, Format Version 12.00
# Visual Studio Version 16
VisualStudioVersion = 16.0.30717.126
MinimumVisualStudioVersion = 10.0.40219.1
Project("{FAE04EC0-301F-11D3-BF4B-00C04F79EFBC}") = "Cipher", "Cipher\Cipher.csproj", "{7910A93B-1423-4D02-8D62-A5D2C8FAFA61}"
EndProject
Project("{FAE04EC0-301F-11D3-BF4B-00C04F79EFBC}") = "Cipher.Tests", "Cipher.Tests\Cipher.Tests.csproj", "{73BC8C25-AE5D-44C8-BD1A-80A0C57D33FE}"
EndProject
Global
	GlobalSection(SolutionConfigurationPlatforms) = preSolution
		Debug|Any CPU = Debug|Any CPU
		Release|Any CPU = Release|Any CPU
	EndGlobalSection
	GlobalSection(ProjectConfigurationPlatforms) = postSolution
		{7910A93B-1423-4D02-8D62-A5D2C8FAFA61}.Debug|Any CPU.ActiveCfg = Debug|Any CPU
		{7910A93B-1423-4D02-8D62-A5D2C8FAFA61}.Debug|Any CPU.Build.0 = Debug|Any CPU
		{7910A93B-1423-4D02-8D62-A5D2C8FAFA61}.Release|Any CPU.ActiveCfg = Release|Any CPU
		{7910A93B-1423-4D02-8D62-A5D2C8FAFA61}.Release|Any CPU.Build.0 = Release|Any CPU
		{73BC8C25-AE5D-44C8-BD1A-80A0C57D33FE}.Debug|Any CPU.ActiveCfg = Debug|Any CPU
		{73BC8C25-AE5D-44C8-BD1A-80A0C57D33FE}.Debug|Any CPU.Build.0 = Debug|Any CPU
		{73BC8C25-AE5D-44C8-BD1A-80A0C57D33FE}.Release|Any CPU.ActiveCfg = Release|Any CPU
		{73BC8C25-AE5D-44C8-BD1A-80A0C57D33FE}.Release|Any CPU.Build.0 = Release|Any CPU
	EndGlobalSection
	GlobalSection(SolutionProperties) = preSolution
		HideSolutionNode = FALSE
	EndGlobalSection
	GlobalSection(ExtensibilityGlobals) = postSolution
		SolutionGuid = {63825258-EC06-4A58-9D42-2554D091F158}
	EndGlobalSection
EndGlobal
